// !$*UTF8*$!
{
	archiveVersion = 1;
	classes = {
	};
	objectVersion = 48;
	objects = {

/* Begin PBXBuildFile section */
		65FC4D422071DE9400D1988A /* AppDelegate.m in Sources */ = {isa = PBXBuildFile; fileRef = 65FC4D412071DE9400D1988A /* AppDelegate.m */; };
		65FC4D452071DE9400D1988A /* ViewController.m in Sources */ = {isa = PBXBuildFile; fileRef = 65FC4D442071DE9400D1988A /* ViewController.m */; };
		65FC4D482071DE9400D1988A /* Main.storyboard in Resources */ = {isa = PBXBuildFile; fileRef = 65FC4D462071DE9400D1988A /* Main.storyboard */; };
		65FC4D4A2071DE9400D1988A /* Assets.xcassets in Resources */ = {isa = PBXBuildFile; fileRef = 65FC4D492071DE9400D1988A /* Assets.xcassets */; };
		65FC4D4D2071DE9400D1988A /* LaunchScreen.storyboard in Resources */ = {isa = PBXBuildFile; fileRef = 65FC4D4B2071DE9400D1988A /* LaunchScreen.storyboard */; };
		65FC4D502071DE9400D1988A /* main.m in Sources */ = {isa = PBXBuildFile; fileRef = 65FC4D4F2071DE9400D1988A /* main.m */; };
		65FC4D5A2071DE9400D1988A /* __________Tests.m in Sources */ = {isa = PBXBuildFile; fileRef = 65FC4D592071DE9400D1988A /* __________Tests.m */; };
		65FC4D652071DE9400D1988A /* __________UITests.m in Sources */ = {isa = PBXBuildFile; fileRef = 65FC4D642071DE9400D1988A /* __________UITests.m */; };
		65FC4D74207200CA00D1988A /* Book.m in Sources */ = {isa = PBXBuildFile; fileRef = 65FC4D73207200CA00D1988A /* Book.m */; };
		65FC4D7720720ABF00D1988A /* BookDeep.m in Sources */ = {isa = PBXBuildFile; fileRef = 65FC4D7620720ABF00D1988A /* BookDeep.m */; };
		65FC4D7A2072112A00D1988A /* BookShallowCopy.m in Sources */ = {isa = PBXBuildFile; fileRef = 65FC4D792072112A00D1988A /* BookShallowCopy.m */; };
		65FC4D7D207211F700D1988A /* BookDeepCopy.m in Sources */ = {isa = PBXBuildFile; fileRef = 65FC4D7C207211F700D1988A /* BookDeepCopy.m */; };
/* End PBXBuildFile section */

/* Begin PBXContainerItemProxy section */
		65FC4D562071DE9400D1988A /* PBXContainerItemProxy */ = {
			isa = PBXContainerItemProxy;
			containerPortal = 65FC4D352071DE9400D1988A /* Project object */;
			proxyType = 1;
			remoteGlobalIDString = 65FC4D3C2071DE9400D1988A;
			remoteInfo = "原型模式-创建型模式";
		};
		65FC4D612071DE9400D1988A /* PBXContainerItemProxy */ = {
			isa = PBXContainerItemProxy;
			containerPortal = 65FC4D352071DE9400D1988A /* Project object */;
			proxyType = 1;
			remoteGlobalIDString = 65FC4D3C2071DE9400D1988A;
			remoteInfo = "原型模式-创建型模式";
		};
/* End PBXContainerItemProxy section */

/* Begin PBXFileReference section */
		65FC4D3D2071DE9400D1988A /* 原型模式-创建型模式.app */ = {isa = PBXFileReference; explicitFileType = wrapper.application; includeInIndex = 0; path = "原型模式-创建型模式.app"; sourceTree = BUILT_PRODUCTS_DIR; };
		65FC4D402071DE9400D1988A /* AppDelegate.h */ = {isa = PBXFileReference; lastKnownFileType = sourcecode.c.h; path = AppDelegate.h; sourceTree = "<group>"; };
		65FC4D412071DE9400D1988A /* AppDelegate.m */ = {isa = PBXFileReference; lastKnownFileType = sourcecode.c.objc; path = AppDelegate.m; sourceTree = "<group>"; };
		65FC4D432071DE9400D1988A /* ViewController.h */ = {isa = PBXFileReference; lastKnownFileType = sourcecode.c.h; path = ViewController.h; sourceTree = "<group>"; };
		65FC4D442071DE9400D1988A /* ViewController.m */ = {isa = PBXFileReference; lastKnownFileType = sourcecode.c.objc; path = ViewController.m; sourceTree = "<group>"; };
		65FC4D472071DE9400D1988A /* Base */ = {isa = PBXFileReference; lastKnownFileType = file.storyboard; name = Base; path = Base.lproj/Main.storyboard; sourceTree = "<group>"; };
		65FC4D492071DE9400D1988A /* Assets.xcassets */ = {isa = PBXFileReference; lastKnownFileType = folder.assetcatalog; path = Assets.xcassets; sourceTree = "<group>"; };
		65FC4D4C2071DE9400D1988A /* Base */ = {isa = PBXFileReference; lastKnownFileType = file.storyboard; name = Base; path = Base.lproj/LaunchScreen.storyboard; sourceTree = "<group>"; };
		65FC4D4E2071DE9400D1988A /* Info.plist */ = {isa = PBXFileReference; lastKnownFileType = text.plist.xml; path = Info.plist; sourceTree = "<group>"; };
		65FC4D4F2071DE9400D1988A /* main.m */ = {isa = PBXFileReference; lastKnownFileType = sourcecode.c.objc; path = main.m; sourceTree = "<group>"; };
		65FC4D552071DE9400D1988A /* 原型模式-创建型模式Tests.xctest */ = {isa = PBXFileReference; explicitFileType = wrapper.cfbundle; includeInIndex = 0; path = "原型模式-创建型模式Tests.xctest"; sourceTree = BUILT_PRODUCTS_DIR; };
		65FC4D592071DE9400D1988A /* __________Tests.m */ = {isa = PBXFileReference; lastKnownFileType = sourcecode.c.objc; path = "__________Tests.m"; sourceTree = "<group>"; };
		65FC4D5B2071DE9400D1988A /* Info.plist */ = {isa = PBXFileReference; lastKnownFileType = text.plist.xml; path = Info.plist; sourceTree = "<group>"; };
		65FC4D602071DE9400D1988A /* 原型模式-创建型模式UITests.xctest */ = {isa = PBXFileReference; explicitFileType = wrapper.cfbundle; includeInIndex = 0; path = "原型模式-创建型模式UITests.xctest"; sourceTree = BUILT_PRODUCTS_DIR; };
		65FC4D642071DE9400D1988A /* __________UITests.m */ = {isa = PBXFileReference; lastKnownFileType = sourcecode.c.objc; path = "__________UITests.m"; sourceTree = "<group>"; };
		65FC4D662071DE9400D1988A /* Info.plist */ = {isa = PBXFileReference; lastKnownFileType = text.plist.xml; path = Info.plist; sourceTree = "<group>"; };
		65FC4D72207200CA00D1988A /* Book.h */ = {isa = PBXFileReference; lastKnownFileType = sourcecode.c.h; path = Book.h; sourceTree = "<group>"; };
		65FC4D73207200CA00D1988A /* Book.m */ = {isa = PBXFileReference; lastKnownFileType = sourcecode.c.objc; path = Book.m; sourceTree = "<group>"; };
		65FC4D7520720ABF00D1988A /* BookDeep.h */ = {isa = PBXFileReference; lastKnownFileType = sourcecode.c.h; path = BookDeep.h; sourceTree = "<group>"; };
		65FC4D7620720ABF00D1988A /* BookDeep.m */ = {isa = PBXFileReference; lastKnownFileType = sourcecode.c.objc; path = BookDeep.m; sourceTree = "<group>"; };
		65FC4D782072112A00D1988A /* BookShallowCopy.h */ = {isa = PBXFileReference; lastKnownFileType = sourcecode.c.h; path = BookShallowCopy.h; sourceTree = "<group>"; };
		65FC4D792072112A00D1988A /* BookShallowCopy.m */ = {isa = PBXFileReference; lastKnownFileType = sourcecode.c.objc; path = BookShallowCopy.m; sourceTree = "<group>"; };
		65FC4D7B207211F700D1988A /* BookDeepCopy.h */ = {isa = PBXFileReference; lastKnownFileType = sourcecode.c.h; path = BookDeepCopy.h; sourceTree = "<group>"; };
		65FC4D7C207211F700D1988A /* BookDeepCopy.m */ = {isa = PBXFileReference; lastKnownFileType = sourcecode.c.objc; path = BookDeepCopy.m; sourceTree = "<group>"; };
/* End PBXFileReference section */

/* Begin PBXFrameworksBuildPhase section */
		65FC4D3A2071DE9400D1988A /* Frameworks */ = {
			isa = PBXFrameworksBuildPhase;
			buildActionMask = 2147483647;
			files = (
			);
			runOnlyForDeploymentPostprocessing = 0;
		};
		65FC4D522071DE9400D1988A /* Frameworks */ = {
			isa = PBXFrameworksBuildPhase;
			buildActionMask = 2147483647;
			files = (
			);
			runOnlyForDeploymentPostprocessing = 0;
		};
		65FC4D5D2071DE9400D1988A /* Frameworks */ = {
			isa = PBXFrameworksBuildPhase;
			buildActionMask = 2147483647;
			files = (
			);
			runOnlyForDeploymentPostprocessing = 0;
		};
/* End PBXFrameworksBuildPhase section */

/* Begin PBXGroup section */
		65FC4D342071DE9400D1988A = {
			isa = PBXGroup;
			children = (
				65FC4D3F2071DE9400D1988A /* 原型模式-创建型模式 */,
				65FC4D582071DE9400D1988A /* 原型模式-创建型模式Tests */,
				65FC4D632071DE9400D1988A /* 原型模式-创建型模式UITests */,
				65FC4D3E2071DE9400D1988A /* Products */,
			);
			sourceTree = "<group>";
		};
		65FC4D3E2071DE9400D1988A /* Products */ = {
			isa = PBXGroup;
			children = (
				65FC4D3D2071DE9400D1988A /* 原型模式-创建型模式.app */,
				65FC4D552071DE9400D1988A /* 原型模式-创建型模式Tests.xctest */,
				65FC4D602071DE9400D1988A /* 原型模式-创建型模式UITests.xctest */,
			);
			name = Products;
			sourceTree = "<group>";
		};
		65FC4D3F2071DE9400D1988A /* 原型模式-创建型模式 */ = {
			isa = PBXGroup;
			children = (
				65FC4D402071DE9400D1988A /* AppDelegate.h */,
				65FC4D412071DE9400D1988A /* AppDelegate.m */,
				65FC4D432071DE9400D1988A /* ViewController.h */,
				65FC4D442071DE9400D1988A /* ViewController.m */,
				65FC4D7520720ABF00D1988A /* BookDeep.h */,
				65FC4D7620720ABF00D1988A /* BookDeep.m */,
				65FC4D72207200CA00D1988A /* Book.h */,
				65FC4D73207200CA00D1988A /* Book.m */,
				65FC4D462071DE9400D1988A /* Main.storyboard */,
				65FC4D492071DE9400D1988A /* Assets.xcassets */,
				65FC4D4B2071DE9400D1988A /* LaunchScreen.storyboard */,
				65FC4D4E2071DE9400D1988A /* Info.plist */,
				65FC4D4F2071DE9400D1988A /* main.m */,
				65FC4D782072112A00D1988A /* BookShallowCopy.h */,
				65FC4D792072112A00D1988A /* BookShallowCopy.m */,
				65FC4D7B207211F700D1988A /* BookDeepCopy.h */,
				65FC4D7C207211F700D1988A /* BookDeepCopy.m */,
			);
			path = "原型模式-创建型模式";
			sourceTree = "<group>";
		};
		65FC4D582071DE9400D1988A /* 原型模式-创建型模式Tests */ = {
			isa = PBXGroup;
			children = (
				65FC4D592071DE9400D1988A /* __________Tests.m */,
				65FC4D5B2071DE9400D1988A /* Info.plist */,
			);
			path = "原型模式-创建型模式Tests";
			sourceTree = "<group>";
		};
		65FC4D632071DE9400D1988A /* 原型模式-创建型模式UITests */ = {
			isa = PBXGroup;
			children = (
				65FC4D642071DE9400D1988A /* __________UITests.m */,
				65FC4D662071DE9400D1988A /* Info.plist */,
			);
			path = "原型模式-创建型模式UITests";
			sourceTree = "<group>";
		};
/* End PBXGroup section */

/* Begin PBXNativeTarget section */
		65FC4D3C2071DE9400D1988A /* 原型模式-创建型模式 */ = {
			isa = PBXNativeTarget;
			buildConfigurationList = 65FC4D692071DE9400D1988A /* Build configuration list for PBXNativeTarget "原型模式-创建型模式" */;
			buildPhases = (
				65FC4D392071DE9400D1988A /* Sources */,
				65FC4D3A2071DE9400D1988A /* Frameworks */,
				65FC4D3B2071DE9400D1988A /* Resources */,
			);
			buildRules = (
			);
			dependencies = (
			);
			name = "原型模式-创建型模式";
			productName = "原型模式-创建型模式";
			productReference = 65FC4D3D2071DE9400D1988A /* 原型模式-创建型模式.app */;
			productType = "com.apple.product-type.application";
		};
		65FC4D542071DE9400D1988A /* 原型模式-创建型模式Tests */ = {
			isa = PBXNativeTarget;
			buildConfigurationList = 65FC4D6C2071DE9400D1988A /* Build configuration list for PBXNativeTarget "原型模式-创建型模式Tests" */;
			buildPhases = (
				65FC4D512071DE9400D1988A /* Sources */,
				65FC4D522071DE9400D1988A /* Frameworks */,
				65FC4D532071DE9400D1988A /* Resources */,
			);
			buildRules = (
			);
			dependencies = (
				65FC4D572071DE9400D1988A /* PBXTargetDependency */,
			);
			name = "原型模式-创建型模式Tests";
			productName = "原型模式-创建型模式Tests";
			productReference = 65FC4D552071DE9400D1988A /* 原型模式-创建型模式Tests.xctest */;
			productType = "com.apple.product-type.bundle.unit-test";
		};
		65FC4D5F2071DE9400D1988A /* 原型模式-创建型模式UITests */ = {
			isa = PBXNativeTarget;
			buildConfigurationList = 65FC4D6F2071DE9400D1988A /* Build configuration list for PBXNativeTarget "原型模式-创建型模式UITests" */;
			buildPhases = (
				65FC4D5C2071DE9400D1988A /* Sources */,
				65FC4D5D2071DE9400D1988A /* Frameworks */,
				65FC4D5E2071DE9400D1988A /* Resources */,
			);
			buildRules = (
			);
			dependencies = (
				65FC4D622071DE9400D1988A /* PBXTargetDependency */,
			);
			name = "原型模式-创建型模式UITests";
			productName = "原型模式-创建型模式UITests";
			productReference = 65FC4D602071DE9400D1988A /* 原型模式-创建型模式UITests.xctest */;
			productType = "com.apple.product-type.bundle.ui-testing";
		};
/* End PBXNativeTarget section */

/* Begin PBXProject section */
		65FC4D352071DE9400D1988A /* Project object */ = {
			isa = PBXProject;
			attributes = {
				LastUpgradeCheck = 0920;
				ORGANIZATIONNAME = "温杰";
				TargetAttributes = {
					65FC4D3C2071DE9400D1988A = {
						CreatedOnToolsVersion = 9.2;
						ProvisioningStyle = Automatic;
					};
					65FC4D542071DE9400D1988A = {
						CreatedOnToolsVersion = 9.2;
						ProvisioningStyle = Automatic;
						TestTargetID = 65FC4D3C2071DE9400D1988A;
					};
					65FC4D5F2071DE9400D1988A = {
						CreatedOnToolsVersion = 9.2;
						ProvisioningStyle = Automatic;
						TestTargetID = 65FC4D3C2071DE9400D1988A;
					};
				};
			};
			buildConfigurationList = 65FC4D382071DE9400D1988A /* Build configuration list for PBXProject "原型模式-创建型模式" */;
			compatibilityVersion = "Xcode 8.0";
			developmentRegion = en;
			hasScannedForEncodings = 0;
			knownRegions = (
				en,
				Base,
			);
			mainGroup = 65FC4D342071DE9400D1988A;
			productRefGroup = 65FC4D3E2071DE9400D1988A /* Products */;
			projectDirPath = "";
			projectRoot = "";
			targets = (
				65FC4D3C2071DE9400D1988A /* 原型模式-创建型模式 */,
				65FC4D542071DE9400D1988A /* 原型模式-创建型模式Tests */,
				65FC4D5F2071DE9400D1988A /* 原型模式-创建型模式UITests */,
			);
		};
/* End PBXProject section */

/* Begin PBXResourcesBuildPhase section */
		65FC4D3B2071DE9400D1988A /* Resources */ = {
			isa = PBXResourcesBuildPhase;
			buildActionMask = 2147483647;
			files = (
				65FC4D4D2071DE9400D1988A /* LaunchScreen.storyboard in Resources */,
				65FC4D4A2071DE9400D1988A /* Assets.xcassets in Resources */,
				65FC4D482071DE9400D1988A /* Main.storyboard in Resources */,
			);
			runOnlyForDeploymentPostprocessing = 0;
		};
		65FC4D532071DE9400D1988A /* Resources */ = {
			isa = PBXResourcesBuildPhase;
			buildActionMask = 2147483647;
			files = (
			);
			runOnlyForDeploymentPostprocessing = 0;
		};
		65FC4D5E2071DE9400D1988A /* Resources */ = {
			isa = PBXResourcesBuildPhase;
			buildActionMask = 2147483647;
			files = (
			);
			runOnlyForDeploymentPostprocessing = 0;
		};
/* End PBXResourcesBuildPhase section */

/* Begin PBXSourcesBuildPhase section */
		65FC4D392071DE9400D1988A /* Sources */ = {
			isa = PBXSourcesBuildPhase;
			buildActionMask = 2147483647;
			files = (
				65FC4D7D207211F700D1988A /* BookDeepCopy.m in Sources */,
				65FC4D74207200CA00D1988A /* Book.m in Sources */,
				65FC4D452071DE9400D1988A /* ViewController.m in Sources */,
				65FC4D7A2072112A00D1988A /* BookShallowCopy.m in Sources */,
				65FC4D502071DE9400D1988A /* main.m in Sources */,
				65FC4D7720720ABF00D1988A /* BookDeep.m in Sources */,
				65FC4D422071DE9400D1988A /* AppDelegate.m in Sources */,
			);
			runOnlyForDeploymentPostprocessing = 0;
		};
		65FC4D512071DE9400D1988A /* Sources */ = {
			isa = PBXSourcesBuildPhase;
			buildActionMask = 2147483647;
			files = (
				65FC4D5A2071DE9400D1988A /* __________Tests.m in Sources */,
			);
			runOnlyForDeploymentPostprocessing = 0;
		};
		65FC4D5C2071DE9400D1988A /* Sources */ = {
			isa = PBXSourcesBuildPhase;
			buildActionMask = 2147483647;
			files = (
				65FC4D652071DE9400D1988A /* __________UITests.m in Sources */,
			);
			runOnlyForDeploymentPostprocessing = 0;
		};
/* End PBXSourcesBuildPhase section */

/* Begin PBXTargetDependency section */
		65FC4D572071DE9400D1988A /* PBXTargetDependency */ = {
			isa = PBXTargetDependency;
			target = 65FC4D3C2071DE9400D1988A /* 原型模式-创建型模式 */;
			targetProxy = 65FC4D562071DE9400D1988A /* PBXContainerItemProxy */;
		};
		65FC4D622071DE9400D1988A /* PBXTargetDependency */ = {
			isa = PBXTargetDependency;
			target = 65FC4D3C2071DE9400D1988A /* 原型模式-创建型模式 */;
			targetProxy = 65FC4D612071DE9400D1988A /* PBXContainerItemProxy */;
		};
/* End PBXTargetDependency section */

/* Begin PBXVariantGroup section */
		65FC4D462071DE9400D1988A /* Main.storyboard */ = {
			isa = PBXVariantGroup;
			children = (
				65FC4D472071DE9400D1988A /* Base */,
			);
			name = Main.storyboard;
			sourceTree = "<group>";
		};
		65FC4D4B2071DE9400D1988A /* LaunchScreen.storyboard */ = {
			isa = PBXVariantGroup;
			children = (
				65FC4D4C2071DE9400D1988A /* Base */,
			);
			name = LaunchScreen.storyboard;
			sourceTree = "<group>";
		};
/* End PBXVariantGroup section */

/* Begin XCBuildConfiguration section */
		65FC4D672071DE9400D1988A /* Debug */ = {
			isa = XCBuildConfiguration;
			buildSettings = {
				ALWAYS_SEARCH_USER_PATHS = NO;
				CLANG_ANALYZER_NONNULL = YES;
				CLANG_ANALYZER_NUMBER_OBJECT_CONVERSION = YES_AGGRESSIVE;
				CLANG_CXX_LANGUAGE_STANDARD = "gnu++14";
				CLANG_CXX_LIBRARY = "libc++";
				CLANG_ENABLE_MODULES = YES;
				CLANG_ENABLE_OBJC_ARC = YES;
				CLANG_WARN_BLOCK_CAPTURE_AUTORELEASING = YES;
				CLANG_WARN_BOOL_CONVERSION = YES;
				CLANG_WARN_COMMA = YES;
				CLANG_WARN_CONSTANT_CONVERSION = YES;
				CLANG_WARN_DIRECT_OBJC_ISA_USAGE = YES_ERROR;
				CLANG_WARN_DOCUMENTATION_COMMENTS = YES;
				CLANG_WARN_EMPTY_BODY = YES;
				CLANG_WARN_ENUM_CONVERSION = YES;
				CLANG_WARN_INFINITE_RECURSION = YES;
				CLANG_WARN_INT_CONVERSION = YES;
				CLANG_WARN_NON_LITERAL_NULL_CONVERSION = YES;
				CLANG_WARN_OBJC_LITERAL_CONVERSION = YES;
				CLANG_WARN_OBJC_ROOT_CLASS = YES_ERROR;
				CLANG_WARN_RANGE_LOOP_ANALYSIS = YES;
				CLANG_WARN_STRICT_PROTOTYPES = YES;
				CLANG_WARN_SUSPICIOUS_MOVE = YES;
				CLANG_WARN_UNGUARDED_AVAILABILITY = YES_AGGRESSIVE;
				CLANG_WARN_UNREACHABLE_CODE = YES;
				CLANG_WARN__DUPLICATE_METHOD_MATCH = YES;
				CODE_SIGN_IDENTITY = "iPhone Developer";
				COPY_PHASE_STRIP = NO;
				DEBUG_INFORMATION_FORMAT = dwarf;
				ENABLE_STRICT_OBJC_MSGSEND = YES;
				ENABLE_TESTABILITY = YES;
				GCC_C_LANGUAGE_STANDARD = gnu11;
				GCC_DYNAMIC_NO_PIC = NO;
				GCC_NO_COMMON_BLOCKS = YES;
				GCC_OPTIMIZATION_LEVEL = 0;
				GCC_PREPROCESSOR_DEFINITIONS = (
					"DEBUG=1",
					"$(inherited)",
				);
				GCC_WARN_64_TO_32_BIT_CONVERSION = YES;
				GCC_WARN_ABOUT_RETURN_TYPE = YES_ERROR;
				GCC_WARN_UNDECLARED_SELECTOR = YES;
				GCC_WARN_UNINITIALIZED_AUTOS = YES_AGGRESSIVE;
				GCC_WARN_UNUSED_FUNCTION = YES;
				GCC_WARN_UNUSED_VARIABLE = YES;
				IPHONEOS_DEPLOYMENT_TARGET = 11.2;
				MTL_ENABLE_DEBUG_INFO = YES;
				ONLY_ACTIVE_ARCH = YES;
				SDKROOT = iphoneos;
			};
			name = Debug;
		};
		65FC4D682071DE9400D1988A /* Release */ = {
			isa = XCBuildConfiguration;
			buildSettings = {
				ALWAYS_SEARCH_USER_PATHS = NO;
				CLANG_ANALYZER_NONNULL = YES;
				CLANG_ANALYZER_NUMBER_OBJECT_CONVERSION = YES_AGGRESSIVE;
				CLANG_CXX_LANGUAGE_STANDARD = "gnu++14";
				CLANG_CXX_LIBRARY = "libc++";
				CLANG_ENABLE_MODULES = YES;
				CLANG_ENABLE_OBJC_ARC = YES;
				CLANG_WARN_BLOCK_CAPTURE_AUTORELEASING = YES;
				CLANG_WARN_BOOL_CONVERSION = YES;
				CLANG_WARN_COMMA = YES;
				CLANG_WARN_CONSTANT_CONVERSION = YES;
				CLANG_WARN_DIRECT_OBJC_ISA_USAGE = YES_ERROR;
				CLANG_WARN_DOCUMENTATION_COMMENTS = YES;
				CLANG_WARN_EMPTY_BODY = YES;
				CLANG_WARN_ENUM_CONVERSION = YES;
				CLANG_WARN_INFINITE_RECURSION = YES;
				CLANG_WARN_INT_CONVERSION = YES;
				CLANG_WARN_NON_LITERAL_NULL_CONVERSION = YES;
				CLANG_WARN_OBJC_LITERAL_CONVERSION = YES;
				CLANG_WARN_OBJC_ROOT_CLASS = YES_ERROR;
				CLANG_WARN_RANGE_LOOP_ANALYSIS = YES;
				CLANG_WARN_STRICT_PROTOTYPES = YES;
				CLANG_WARN_SUSPICIOUS_MOVE = YES;
				CLANG_WARN_UNGUARDED_AVAILABILITY = YES_AGGRESSIVE;
				CLANG_WARN_UNREACHABLE_CODE = YES;
				CLANG_WARN__DUPLICATE_METHOD_MATCH = YES;
				CODE_SIGN_IDENTITY = "iPhone Developer";
				COPY_PHASE_STRIP = NO;
				DEBUG_INFORMATION_FORMAT = "dwarf-with-dsym";
				ENABLE_NS_ASSERTIONS = NO;
				ENABLE_STRICT_OBJC_MSGSEND = YES;
				GCC_C_LANGUAGE_STANDARD = gnu11;
				GCC_NO_COMMON_BLOCKS = YES;
				GCC_WARN_64_TO_32_BIT_CONVERSION = YES;
				GCC_WARN_ABOUT_RETURN_TYPE = YES_ERROR;
				GCC_WARN_UNDECLARED_SELECTOR = YES;
				GCC_WARN_UNINITIALIZED_AUTOS = YES_AGGRESSIVE;
				GCC_WARN_UNUSED_FUNCTION = YES;
				GCC_WARN_UNUSED_VARIABLE = YES;
				IPHONEOS_DEPLOYMENT_TARGET = 11.2;
				MTL_ENABLE_DEBUG_INFO = NO;
				SDKROOT = iphoneos;
				VALIDATE_PRODUCT = YES;
			};
			name = Release;
		};
		65FC4D6A2071DE9400D1988A /* Debug */ = {
			isa = XCBuildConfiguration;
			buildSettings = {
				ASSETCATALOG_COMPILER_APPICON_NAME = AppIcon;
				CODE_SIGN_STYLE = Automatic;
				DEVELOPMENT_TEAM = K7Q4CW468Q;
				INFOPLIST_FILE = "原型模式-创建型模式/Info.plist";
				LD_RUNPATH_SEARCH_PATHS = "$(inherited) @executable_path/Frameworks";
				PRODUCT_BUNDLE_IDENTIFIER = "ETCP.----------";
				PRODUCT_NAME = "$(TARGET_NAME)";
				TARGETED_DEVICE_FAMILY = "1,2";
			};
			name = Debug;
		};
		65FC4D6B2071DE9400D1988A /* Release */ = {
			isa = XCBuildConfiguration;
			buildSettings = {
				ASSETCATALOG_COMPILER_APPICON_NAME = AppIcon;
				CODE_SIGN_STYLE = Automatic;
				DEVELOPMENT_TEAM = K7Q4CW468Q;
				INFOPLIST_FILE = "原型模式-创建型模式/Info.plist";
				LD_RUNPATH_SEARCH_PATHS = "$(inherited) @executable_path/Frameworks";
				PRODUCT_BUNDLE_IDENTIFIER = "ETCP.----------";
				PRODUCT_NAME = "$(TARGET_NAME)";
				TARGETED_DEVICE_FAMILY = "1,2";
			};
			name = Release;
		};
		65FC4D6D2071DE9400D1988A /* Debug */ = {
			isa = XCBuildConfiguration;
			buildSettings = {
				BUNDLE_LOADER = "$(TEST_HOST)";
				CODE_SIGN_STYLE = Automatic;
				DEVELOPMENT_TEAM = K7Q4CW468Q;
				INFOPLIST_FILE = "原型模式-创建型模式Tests/Info.plist";
				LD_RUNPATH_SEARCH_PATHS = "$(inherited) @executable_path/Frameworks @loader_path/Frameworks";
				PRODUCT_BUNDLE_IDENTIFIER = "ETCP.----------Tests";
				PRODUCT_NAME = "$(TARGET_NAME)";
				TARGETED_DEVICE_FAMILY = "1,2";
				TEST_HOST = "$(BUILT_PRODUCTS_DIR)/原型模式-创建型模式.app/原型模式-创建型模式";
			};
			name = Debug;
		};
		65FC4D6E2071DE9400D1988A /* Release */ = {
			isa = XCBuildConfiguration;
			buildSettings = {
				BUNDLE_LOADER = "$(TEST_HOST)";
				CODE_SIGN_STYLE = Automatic;
				DEVELOPMENT_TEAM = K7Q4CW468Q;
				INFOPLIST_FILE = "原型模式-创建型模式Tests/Info.plist";
				LD_RUNPATH_SEARCH_PATHS = "$(inherited) @executable_path/Frameworks @loader_path/Frameworks";
				PRODUCT_BUNDLE_IDENTIFIER = "ETCP.----------Tests";
				PRODUCT_NAME = "$(TARGET_NAME)";
				TARGETED_DEVICE_FAMILY = "1,2";
				TEST_HOST = "$(BUILT_PRODUCTS_DIR)/原型模式-创建型模式.app/原型模式-创建型模式";
			};
			name = Release;
		};
		65FC4D702071DE9400D1988A /* Debug */ = {
			isa = XCBuildConfiguration;
			buildSettings = {
				CODE_SIGN_STYLE = Automatic;
				DEVELOPMENT_TEAM = K7Q4CW468Q;
				INFOPLIST_FILE = "原型模式-创建型模式UITests/Info.plist";
				LD_RUNPATH_SEARCH_PATHS = "$(inherited) @executable_path/Frameworks @loader_path/Frameworks";
				PRODUCT_BUNDLE_IDENTIFIER = "ETCP.----------UITests";
				PRODUCT_NAME = "$(TARGET_NAME)";
				TARGETED_DEVICE_FAMILY = "1,2";
				TEST_TARGET_NAME = "原型模式-创建型模式";
			};
			name = Debug;
		};
		65FC4D712071DE9400D1988A /* Release */ = {
			isa = XCBuildConfiguration;
			buildSettings = {
				CODE_SIGN_STYLE = Automatic;
				DEVELOPMENT_TEAM = K7Q4CW468Q;
				INFOPLIST_FILE = "原型模式-创建型模式UITests/Info.plist";
				LD_RUNPATH_SEARCH_PATHS = "$(inherited) @executable_path/Frameworks @loader_path/Frameworks";
				PRODUCT_BUNDLE_IDENTIFIER = "ETCP.----------UITests";
				PRODUCT_NAME = "$(TARGET_NAME)";
				TARGETED_DEVICE_FAMILY = "1,2";
				TEST_TARGET_NAME = "原型模式-创建型模式";
			};
			name = Release;
		};
/* End XCBuildConfiguration section */

/* Begin XCConfigurationList section */
		65FC4D382071DE9400D1988A /* Build configuration list for PBXProject "原型模式-创建型模式" */ = {
			isa = XCConfigurationList;
			buildConfigurations = (
				65FC4D672071DE9400D1988A /* Debug */,
				65FC4D682071DE9400D1988A /* Release */,
			);
			defaultConfigurationIsVisible = 0;
			defaultConfigurationName = Release;
		};
		65FC4D692071DE9400D1988A /* Build configuration list for PBXNativeTarget "原型模式-创建型模式" */ = {
			isa = XCConfigurationList;
			buildConfigurations = (
				65FC4D6A2071DE9400D1988A /* Debug */,
				65FC4D6B2071DE9400D1988A /* Release */,
			);
			defaultConfigurationIsVisible = 0;
			defaultConfigurationName = Release;
		};
		65FC4D6C2071DE9400D1988A /* Build configuration list for PBXNativeTarget "原型模式-创建型模式Tests" */ = {
			isa = XCConfigurationList;
			buildConfigurations = (
				65FC4D6D2071DE9400D1988A /* Debug */,
				65FC4D6E2071DE9400D1988A /* Release */,
			);
			defaultConfigurationIsVisible = 0;
			defaultConfigurationName = Release;
		};
		65FC4D6F2071DE9400D1988A /* Build configuration list for PBXNativeTarget "原型模式-创建型模式UITests" */ = {
			isa = XCConfigurationList;
			buildConfigurations = (
				65FC4D702071DE9400D1988A /* Debug */,
				65FC4D712071DE9400D1988A /* Release */,
			);
			defaultConfigurationIsVisible = 0;
			defaultConfigurationName = Release;
		};
/* End XCConfigurationList section */
	};
	rootObject = 65FC4D352071DE9400D1988A /* Project object */;
}
