// !$*UTF8*$!
{
	archiveVersion = 1;
	classes = {
	};
	objectVersion = 48;
	objects = {

/* Begin PBXBuildFile section */
		65FC4E3E2073248600D1988A /* AppDelegate.m in Sources */ = {isa = PBXBuildFile; fileRef = 65FC4E3D2073248600D1988A /* AppDelegate.m */; };
		65FC4E412073248600D1988A /* ViewController.m in Sources */ = {isa = PBXBuildFile; fileRef = 65FC4E402073248600D1988A /* ViewController.m */; };
		65FC4E442073248600D1988A /* Main.storyboard in Resources */ = {isa = PBXBuildFile; fileRef = 65FC4E422073248600D1988A /* Main.storyboard */; };
		65FC4E462073248600D1988A /* Assets.xcassets in Resources */ = {isa = PBXBuildFile; fileRef = 65FC4E452073248600D1988A /* Assets.xcassets */; };
		65FC4E492073248600D1988A /* LaunchScreen.storyboard in Resources */ = {isa = PBXBuildFile; fileRef = 65FC4E472073248600D1988A /* LaunchScreen.storyboard */; };
		65FC4E4C2073248600D1988A /* main.m in Sources */ = {isa = PBXBuildFile; fileRef = 65FC4E4B2073248600D1988A /* main.m */; };
		65FC4E562073248700D1988A /* ______Tests.m in Sources */ = {isa = PBXBuildFile; fileRef = 65FC4E552073248700D1988A /* ______Tests.m */; };
		65FC4E612073248700D1988A /* ______UITests.m in Sources */ = {isa = PBXBuildFile; fileRef = 65FC4E602073248700D1988A /* ______UITests.m */; };
		65FC4E7F207350A000D1988A /* BookObject.m in Sources */ = {isa = PBXBuildFile; fileRef = 65FC4E7E207350A000D1988A /* BookObject.m */; };
		65FC4E822073515B00D1988A /* BookDiscountObject.m in Sources */ = {isa = PBXBuildFile; fileRef = 65FC4E812073515B00D1988A /* BookDiscountObject.m */; };
		65FC4E86207367DD00D1988A /* Solider.m in Sources */ = {isa = PBXBuildFile; fileRef = 65FC4E85207367DD00D1988A /* Solider.m */; };
		65FC4E892073686D00D1988A /* HandGun.m in Sources */ = {isa = PBXBuildFile; fileRef = 65FC4E882073686D00D1988A /* HandGun.m */; };
		65FC4E8C2073687500D1988A /* Rifle.m in Sources */ = {isa = PBXBuildFile; fileRef = 65FC4E8B2073687500D1988A /* Rifle.m */; };
		65FC4E8F2073687D00D1988A /* MachineGun.m in Sources */ = {isa = PBXBuildFile; fileRef = 65FC4E8E2073687D00D1988A /* MachineGun.m */; };
		65FC4E9220736DBB00D1988A /* AUG.m in Sources */ = {isa = PBXBuildFile; fileRef = 65FC4E9120736DBB00D1988A /* AUG.m */; };
		65FC4E9A20737D8F00D1988A /* XiaoMing.m in Sources */ = {isa = PBXBuildFile; fileRef = 65FC4E9920737D8F00D1988A /* XiaoMing.m */; };
		65FC4E9D20737DA200D1988A /* LiteraryClassic.m in Sources */ = {isa = PBXBuildFile; fileRef = 65FC4E9C20737DA200D1988A /* LiteraryClassic.m */; };
		65FC4EA1207381A100D1988A /* Novel.m in Sources */ = {isa = PBXBuildFile; fileRef = 65FC4EA0207381A100D1988A /* Novel.m */; };
		65FC4EA42073864500D1988A /* XiaoMingNew.m in Sources */ = {isa = PBXBuildFile; fileRef = 65FC4EA32073864500D1988A /* XiaoMingNew.m */; };
		65FC4EA92073867000D1988A /* LiteraryClassicNew.m in Sources */ = {isa = PBXBuildFile; fileRef = 65FC4EA82073867000D1988A /* LiteraryClassicNew.m */; };
		65FC4EAC2073867F00D1988A /* NovelNew.m in Sources */ = {isa = PBXBuildFile; fileRef = 65FC4EAB2073867F00D1988A /* NovelNew.m */; };
		65FC4EB220746E8D00D1988A /* Xiaoming.m in Sources */ = {isa = PBXBuildFile; fileRef = 65FC4EB120746E8D00D1988A /* Xiaoming.m */; };
		65FC4EB520746E9A00D1988A /* XuJIaoStart.m in Sources */ = {isa = PBXBuildFile; fileRef = 65FC4EB420746E9A00D1988A /* XuJIaoStart.m */; };
		65FC4EBC2074785C00D1988A /* XiaoHei.m in Sources */ = {isa = PBXBuildFile; fileRef = 65FC4EBB2074785C00D1988A /* XiaoHei.m */; };
		65FC4EBF2074786900D1988A /* XuJiaoNewStart.m in Sources */ = {isa = PBXBuildFile; fileRef = 65FC4EBE2074786900D1988A /* XuJiaoNewStart.m */; };
		65FC4EC52074A5A300D1988A /* ForumObject.m in Sources */ = {isa = PBXBuildFile; fileRef = 65FC4EC42074A5A300D1988A /* ForumObject.m */; };
		65FC4EC92074A5F400D1988A /* ThreadObject.m in Sources */ = {isa = PBXBuildFile; fileRef = 65FC4EC82074A5F400D1988A /* ThreadObject.m */; };
		65FC4ECF2074A7FE00D1988A /* ForumNewObject.m in Sources */ = {isa = PBXBuildFile; fileRef = 65FC4ECE2074A7FE00D1988A /* ForumNewObject.m */; };
		65FC4ED32074B8E000D1988A /* ButtonEventView.m in Sources */ = {isa = PBXBuildFile; fileRef = 65FC4ED22074B8E000D1988A /* ButtonEventView.m */; };
		65FC4ED72074BE0600D1988A /* ButtonEventNewView.m in Sources */ = {isa = PBXBuildFile; fileRef = 65FC4ED62074BE0600D1988A /* ButtonEventNewView.m */; };
		65FC4EDA2074BE2D00D1988A /* Mediater.m in Sources */ = {isa = PBXBuildFile; fileRef = 65FC4ED92074BE2D00D1988A /* Mediater.m */; };
/* End PBXBuildFile section */

/* Begin PBXContainerItemProxy section */
		65FC4E522073248700D1988A /* PBXContainerItemProxy */ = {
			isa = PBXContainerItemProxy;
			containerPortal = 65FC4E312073248600D1988A /* Project object */;
			proxyType = 1;
			remoteGlobalIDString = 65FC4E382073248600D1988A;
			remoteInfo = "设计模式原则";
		};
		65FC4E5D2073248700D1988A /* PBXContainerItemProxy */ = {
			isa = PBXContainerItemProxy;
			containerPortal = 65FC4E312073248600D1988A /* Project object */;
			proxyType = 1;
			remoteGlobalIDString = 65FC4E382073248600D1988A;
			remoteInfo = "设计模式原则";
		};
/* End PBXContainerItemProxy section */

/* Begin PBXFileReference section */
		65FC4E392073248600D1988A /* 设计模式原则.app */ = {isa = PBXFileReference; explicitFileType = wrapper.application; includeInIndex = 0; path = "设计模式原则.app"; sourceTree = BUILT_PRODUCTS_DIR; };
		65FC4E3C2073248600D1988A /* AppDelegate.h */ = {isa = PBXFileReference; lastKnownFileType = sourcecode.c.h; path = AppDelegate.h; sourceTree = "<group>"; };
		65FC4E3D2073248600D1988A /* AppDelegate.m */ = {isa = PBXFileReference; lastKnownFileType = sourcecode.c.objc; path = AppDelegate.m; sourceTree = "<group>"; };
		65FC4E3F2073248600D1988A /* ViewController.h */ = {isa = PBXFileReference; lastKnownFileType = sourcecode.c.h; path = ViewController.h; sourceTree = "<group>"; };
		65FC4E402073248600D1988A /* ViewController.m */ = {isa = PBXFileReference; lastKnownFileType = sourcecode.c.objc; path = ViewController.m; sourceTree = "<group>"; };
		65FC4E432073248600D1988A /* Base */ = {isa = PBXFileReference; lastKnownFileType = file.storyboard; name = Base; path = Base.lproj/Main.storyboard; sourceTree = "<group>"; };
		65FC4E452073248600D1988A /* Assets.xcassets */ = {isa = PBXFileReference; lastKnownFileType = folder.assetcatalog; path = Assets.xcassets; sourceTree = "<group>"; };
		65FC4E482073248600D1988A /* Base */ = {isa = PBXFileReference; lastKnownFileType = file.storyboard; name = Base; path = Base.lproj/LaunchScreen.storyboard; sourceTree = "<group>"; };
		65FC4E4A2073248600D1988A /* Info.plist */ = {isa = PBXFileReference; lastKnownFileType = text.plist.xml; path = Info.plist; sourceTree = "<group>"; };
		65FC4E4B2073248600D1988A /* main.m */ = {isa = PBXFileReference; lastKnownFileType = sourcecode.c.objc; path = main.m; sourceTree = "<group>"; };
		65FC4E512073248700D1988A /* 设计模式原则Tests.xctest */ = {isa = PBXFileReference; explicitFileType = wrapper.cfbundle; includeInIndex = 0; path = "设计模式原则Tests.xctest"; sourceTree = BUILT_PRODUCTS_DIR; };
		65FC4E552073248700D1988A /* ______Tests.m */ = {isa = PBXFileReference; lastKnownFileType = sourcecode.c.objc; path = "______Tests.m"; sourceTree = "<group>"; };
		65FC4E572073248700D1988A /* Info.plist */ = {isa = PBXFileReference; lastKnownFileType = text.plist.xml; path = Info.plist; sourceTree = "<group>"; };
		65FC4E5C2073248700D1988A /* 设计模式原则UITests.xctest */ = {isa = PBXFileReference; explicitFileType = wrapper.cfbundle; includeInIndex = 0; path = "设计模式原则UITests.xctest"; sourceTree = BUILT_PRODUCTS_DIR; };
		65FC4E602073248700D1988A /* ______UITests.m */ = {isa = PBXFileReference; lastKnownFileType = sourcecode.c.objc; path = "______UITests.m"; sourceTree = "<group>"; };
		65FC4E622073248700D1988A /* Info.plist */ = {isa = PBXFileReference; lastKnownFileType = text.plist.xml; path = Info.plist; sourceTree = "<group>"; };
		65FC4E7C20734F6500D1988A /* Book.h */ = {isa = PBXFileReference; lastKnownFileType = sourcecode.c.h; path = Book.h; sourceTree = "<group>"; };
		65FC4E7D207350A000D1988A /* BookObject.h */ = {isa = PBXFileReference; lastKnownFileType = sourcecode.c.h; path = BookObject.h; sourceTree = "<group>"; };
		65FC4E7E207350A000D1988A /* BookObject.m */ = {isa = PBXFileReference; lastKnownFileType = sourcecode.c.objc; path = BookObject.m; sourceTree = "<group>"; };
		65FC4E802073515B00D1988A /* BookDiscountObject.h */ = {isa = PBXFileReference; lastKnownFileType = sourcecode.c.h; path = BookDiscountObject.h; sourceTree = "<group>"; };
		65FC4E812073515B00D1988A /* BookDiscountObject.m */ = {isa = PBXFileReference; lastKnownFileType = sourcecode.c.objc; path = BookDiscountObject.m; sourceTree = "<group>"; };
		65FC4E83207367CF00D1988A /* Gun.h */ = {isa = PBXFileReference; lastKnownFileType = sourcecode.c.h; path = Gun.h; sourceTree = "<group>"; };
		65FC4E84207367DD00D1988A /* Solider.h */ = {isa = PBXFileReference; lastKnownFileType = sourcecode.c.h; path = Solider.h; sourceTree = "<group>"; };
		65FC4E85207367DD00D1988A /* Solider.m */ = {isa = PBXFileReference; lastKnownFileType = sourcecode.c.objc; path = Solider.m; sourceTree = "<group>"; };
		65FC4E872073686D00D1988A /* HandGun.h */ = {isa = PBXFileReference; lastKnownFileType = sourcecode.c.h; path = HandGun.h; sourceTree = "<group>"; };
		65FC4E882073686D00D1988A /* HandGun.m */ = {isa = PBXFileReference; lastKnownFileType = sourcecode.c.objc; path = HandGun.m; sourceTree = "<group>"; };
		65FC4E8A2073687500D1988A /* Rifle.h */ = {isa = PBXFileReference; lastKnownFileType = sourcecode.c.h; path = Rifle.h; sourceTree = "<group>"; };
		65FC4E8B2073687500D1988A /* Rifle.m */ = {isa = PBXFileReference; lastKnownFileType = sourcecode.c.objc; path = Rifle.m; sourceTree = "<group>"; };
		65FC4E8D2073687D00D1988A /* MachineGun.h */ = {isa = PBXFileReference; lastKnownFileType = sourcecode.c.h; path = MachineGun.h; sourceTree = "<group>"; };
		65FC4E8E2073687D00D1988A /* MachineGun.m */ = {isa = PBXFileReference; lastKnownFileType = sourcecode.c.objc; path = MachineGun.m; sourceTree = "<group>"; };
		65FC4E9020736DBB00D1988A /* AUG.h */ = {isa = PBXFileReference; lastKnownFileType = sourcecode.c.h; path = AUG.h; sourceTree = "<group>"; };
		65FC4E9120736DBB00D1988A /* AUG.m */ = {isa = PBXFileReference; lastKnownFileType = sourcecode.c.objc; path = AUG.m; sourceTree = "<group>"; };
		65FC4E9820737D8F00D1988A /* XiaoMing.h */ = {isa = PBXFileReference; lastKnownFileType = sourcecode.c.h; path = XiaoMing.h; sourceTree = "<group>"; };
		65FC4E9920737D8F00D1988A /* XiaoMing.m */ = {isa = PBXFileReference; lastKnownFileType = sourcecode.c.objc; path = XiaoMing.m; sourceTree = "<group>"; };
		65FC4E9B20737DA200D1988A /* LiteraryClassic.h */ = {isa = PBXFileReference; lastKnownFileType = sourcecode.c.h; path = LiteraryClassic.h; sourceTree = "<group>"; };
		65FC4E9C20737DA200D1988A /* LiteraryClassic.m */ = {isa = PBXFileReference; lastKnownFileType = sourcecode.c.objc; path = LiteraryClassic.m; sourceTree = "<group>"; };
		65FC4E9F207381A100D1988A /* Novel.h */ = {isa = PBXFileReference; lastKnownFileType = sourcecode.c.h; path = Novel.h; sourceTree = "<group>"; };
		65FC4EA0207381A100D1988A /* Novel.m */ = {isa = PBXFileReference; lastKnownFileType = sourcecode.c.objc; path = Novel.m; sourceTree = "<group>"; };
		65FC4EA22073864500D1988A /* XiaoMingNew.h */ = {isa = PBXFileReference; lastKnownFileType = sourcecode.c.h; path = XiaoMingNew.h; sourceTree = "<group>"; };
		65FC4EA32073864500D1988A /* XiaoMingNew.m */ = {isa = PBXFileReference; lastKnownFileType = sourcecode.c.objc; path = XiaoMingNew.m; sourceTree = "<group>"; };
		65FC4EA52073865500D1988A /* IReader.h */ = {isa = PBXFileReference; lastKnownFileType = sourcecode.c.h; path = IReader.h; sourceTree = "<group>"; };
		65FC4EA62073866000D1988A /* IRead.h */ = {isa = PBXFileReference; lastKnownFileType = sourcecode.c.h; path = IRead.h; sourceTree = "<group>"; };
		65FC4EA72073867000D1988A /* LiteraryClassicNew.h */ = {isa = PBXFileReference; lastKnownFileType = sourcecode.c.h; path = LiteraryClassicNew.h; sourceTree = "<group>"; };
		65FC4EA82073867000D1988A /* LiteraryClassicNew.m */ = {isa = PBXFileReference; lastKnownFileType = sourcecode.c.objc; path = LiteraryClassicNew.m; sourceTree = "<group>"; };
		65FC4EAA2073867F00D1988A /* NovelNew.h */ = {isa = PBXFileReference; lastKnownFileType = sourcecode.c.h; path = NovelNew.h; sourceTree = "<group>"; };
		65FC4EAB2073867F00D1988A /* NovelNew.m */ = {isa = PBXFileReference; lastKnownFileType = sourcecode.c.objc; path = NovelNew.m; sourceTree = "<group>"; };
		65FC4EAE20746E5600D1988A /* FindStarts.h */ = {isa = PBXFileReference; lastKnownFileType = sourcecode.c.h; path = FindStarts.h; sourceTree = "<group>"; };
		65FC4EAF20746E5D00D1988A /* Starts.h */ = {isa = PBXFileReference; lastKnownFileType = sourcecode.c.h; path = Starts.h; sourceTree = "<group>"; };
		65FC4EB020746E8D00D1988A /* Xiaoming.h */ = {isa = PBXFileReference; lastKnownFileType = sourcecode.c.h; path = Xiaoming.h; sourceTree = "<group>"; };
		65FC4EB120746E8D00D1988A /* Xiaoming.m */ = {isa = PBXFileReference; lastKnownFileType = sourcecode.c.objc; path = Xiaoming.m; sourceTree = "<group>"; };
		65FC4EB320746E9A00D1988A /* XuJIaoStart.h */ = {isa = PBXFileReference; lastKnownFileType = sourcecode.c.h; path = XuJIaoStart.h; sourceTree = "<group>"; };
		65FC4EB420746E9A00D1988A /* XuJIaoStart.m */ = {isa = PBXFileReference; lastKnownFileType = sourcecode.c.objc; path = XuJIaoStart.m; sourceTree = "<group>"; };
		65FC4EB72074781300D1988A /* FindNewStarts.h */ = {isa = PBXFileReference; lastKnownFileType = sourcecode.c.h; path = FindNewStarts.h; sourceTree = "<group>"; };
		65FC4EB82074781D00D1988A /* StartsA.h */ = {isa = PBXFileReference; lastKnownFileType = sourcecode.c.h; path = StartsA.h; sourceTree = "<group>"; };
		65FC4EB92074782900D1988A /* StartsB.h */ = {isa = PBXFileReference; lastKnownFileType = sourcecode.c.h; path = StartsB.h; sourceTree = "<group>"; };
		65FC4EBA2074785C00D1988A /* XiaoHei.h */ = {isa = PBXFileReference; lastKnownFileType = sourcecode.c.h; path = XiaoHei.h; sourceTree = "<group>"; };
		65FC4EBB2074785C00D1988A /* XiaoHei.m */ = {isa = PBXFileReference; lastKnownFileType = sourcecode.c.objc; path = XiaoHei.m; sourceTree = "<group>"; };
		65FC4EBD2074786900D1988A /* XuJiaoNewStart.h */ = {isa = PBXFileReference; lastKnownFileType = sourcecode.c.h; path = XuJiaoNewStart.h; sourceTree = "<group>"; };
		65FC4EBE2074786900D1988A /* XuJiaoNewStart.m */ = {isa = PBXFileReference; lastKnownFileType = sourcecode.c.objc; path = XuJiaoNewStart.m; sourceTree = "<group>"; };
		65FC4EC12074A4F000D1988A /* Forum.h */ = {isa = PBXFileReference; lastKnownFileType = sourcecode.c.h; path = Forum.h; sourceTree = "<group>"; };
		65FC4EC22074A56400D1988A /* Thread.h */ = {isa = PBXFileReference; lastKnownFileType = sourcecode.c.h; path = Thread.h; sourceTree = "<group>"; };
		65FC4EC32074A5A300D1988A /* ForumObject.h */ = {isa = PBXFileReference; lastKnownFileType = sourcecode.c.h; path = ForumObject.h; sourceTree = "<group>"; };
		65FC4EC42074A5A300D1988A /* ForumObject.m */ = {isa = PBXFileReference; lastKnownFileType = sourcecode.c.objc; path = ForumObject.m; sourceTree = "<group>"; };
		65FC4EC72074A5F400D1988A /* ThreadObject.h */ = {isa = PBXFileReference; lastKnownFileType = sourcecode.c.h; path = ThreadObject.h; sourceTree = "<group>"; };
		65FC4EC82074A5F400D1988A /* ThreadObject.m */ = {isa = PBXFileReference; lastKnownFileType = sourcecode.c.objc; path = ThreadObject.m; sourceTree = "<group>"; };
		65FC4ECB2074A7BE00D1988A /* ForumNew.h */ = {isa = PBXFileReference; lastKnownFileType = sourcecode.c.h; path = ForumNew.h; sourceTree = "<group>"; };
		65FC4ECD2074A7FE00D1988A /* ForumNewObject.h */ = {isa = PBXFileReference; lastKnownFileType = sourcecode.c.h; path = ForumNewObject.h; sourceTree = "<group>"; };
		65FC4ECE2074A7FE00D1988A /* ForumNewObject.m */ = {isa = PBXFileReference; lastKnownFileType = sourcecode.c.objc; path = ForumNewObject.m; sourceTree = "<group>"; };
		65FC4ED12074B8E000D1988A /* ButtonEventView.h */ = {isa = PBXFileReference; lastKnownFileType = sourcecode.c.h; path = ButtonEventView.h; sourceTree = "<group>"; };
		65FC4ED22074B8E000D1988A /* ButtonEventView.m */ = {isa = PBXFileReference; lastKnownFileType = sourcecode.c.objc; path = ButtonEventView.m; sourceTree = "<group>"; };
		65FC4ED52074BE0600D1988A /* ButtonEventNewView.h */ = {isa = PBXFileReference; lastKnownFileType = sourcecode.c.h; path = ButtonEventNewView.h; sourceTree = "<group>"; };
		65FC4ED62074BE0600D1988A /* ButtonEventNewView.m */ = {isa = PBXFileReference; lastKnownFileType = sourcecode.c.objc; path = ButtonEventNewView.m; sourceTree = "<group>"; };
		65FC4ED82074BE2D00D1988A /* Mediater.h */ = {isa = PBXFileReference; lastKnownFileType = sourcecode.c.h; path = Mediater.h; sourceTree = "<group>"; };
		65FC4ED92074BE2D00D1988A /* Mediater.m */ = {isa = PBXFileReference; lastKnownFileType = sourcecode.c.objc; path = Mediater.m; sourceTree = "<group>"; };
		65FC4EDB2074BEB900D1988A /* MediaterProtocol.h */ = {isa = PBXFileReference; lastKnownFileType = sourcecode.c.h; path = MediaterProtocol.h; sourceTree = "<group>"; };
/* End PBXFileReference section */

/* Begin PBXFrameworksBuildPhase section */
		65FC4E362073248600D1988A /* Frameworks */ = {
			isa = PBXFrameworksBuildPhase;
			buildActionMask = 2147483647;
			files = (
			);
			runOnlyForDeploymentPostprocessing = 0;
		};
		65FC4E4E2073248700D1988A /* Frameworks */ = {
			isa = PBXFrameworksBuildPhase;
			buildActionMask = 2147483647;
			files = (
			);
			runOnlyForDeploymentPostprocessing = 0;
		};
		65FC4E592073248700D1988A /* Frameworks */ = {
			isa = PBXFrameworksBuildPhase;
			buildActionMask = 2147483647;
			files = (
			);
			runOnlyForDeploymentPostprocessing = 0;
		};
/* End PBXFrameworksBuildPhase section */

/* Begin PBXGroup section */
		65FC4E302073248600D1988A = {
			isa = PBXGroup;
			children = (
				65FC4E3B2073248600D1988A /* 设计模式原则 */,
				65FC4E542073248700D1988A /* 设计模式原则Tests */,
				65FC4E5F2073248700D1988A /* 设计模式原则UITests */,
				65FC4E3A2073248600D1988A /* Products */,
			);
			sourceTree = "<group>";
		};
		65FC4E3A2073248600D1988A /* Products */ = {
			isa = PBXGroup;
			children = (
				65FC4E392073248600D1988A /* 设计模式原则.app */,
				65FC4E512073248700D1988A /* 设计模式原则Tests.xctest */,
				65FC4E5C2073248700D1988A /* 设计模式原则UITests.xctest */,
			);
			name = Products;
			sourceTree = "<group>";
		};
		65FC4E3B2073248600D1988A /* 设计模式原则 */ = {
			isa = PBXGroup;
			children = (
				65FC4ED02074B8B100D1988A /* 迪米特法则 */,
				65FC4EC02074A4D600D1988A /* 单一职责原则 */,
				65FC4EAD20746E3800D1988A /* 接口隔离原则 */,
				65FC4E9320737D4C00D1988A /* 依赖倒置原则 */,
				65FC4E7B20732E7F00D1988A /* 里氏代换原则 */,
				65FC4E6E207324AB00D1988A /* 开闭原则 */,
				65FC4E3C2073248600D1988A /* AppDelegate.h */,
				65FC4E3D2073248600D1988A /* AppDelegate.m */,
				65FC4E3F2073248600D1988A /* ViewController.h */,
				65FC4E402073248600D1988A /* ViewController.m */,
				65FC4E422073248600D1988A /* Main.storyboard */,
				65FC4E452073248600D1988A /* Assets.xcassets */,
				65FC4E472073248600D1988A /* LaunchScreen.storyboard */,
				65FC4E4A2073248600D1988A /* Info.plist */,
				65FC4E4B2073248600D1988A /* main.m */,
			);
			path = "设计模式原则";
			sourceTree = "<group>";
		};
		65FC4E542073248700D1988A /* 设计模式原则Tests */ = {
			isa = PBXGroup;
			children = (
				65FC4E552073248700D1988A /* ______Tests.m */,
				65FC4E572073248700D1988A /* Info.plist */,
			);
			path = "设计模式原则Tests";
			sourceTree = "<group>";
		};
		65FC4E5F2073248700D1988A /* 设计模式原则UITests */ = {
			isa = PBXGroup;
			children = (
				65FC4E602073248700D1988A /* ______UITests.m */,
				65FC4E622073248700D1988A /* Info.plist */,
			);
			path = "设计模式原则UITests";
			sourceTree = "<group>";
		};
		65FC4E6E207324AB00D1988A /* 开闭原则 */ = {
			isa = PBXGroup;
			children = (
				65FC4E7C20734F6500D1988A /* Book.h */,
				65FC4E7D207350A000D1988A /* BookObject.h */,
				65FC4E7E207350A000D1988A /* BookObject.m */,
				65FC4E802073515B00D1988A /* BookDiscountObject.h */,
				65FC4E812073515B00D1988A /* BookDiscountObject.m */,
			);
			path = "开闭原则";
			sourceTree = "<group>";
		};
		65FC4E7B20732E7F00D1988A /* 里氏代换原则 */ = {
			isa = PBXGroup;
			children = (
				65FC4E83207367CF00D1988A /* Gun.h */,
				65FC4E84207367DD00D1988A /* Solider.h */,
				65FC4E85207367DD00D1988A /* Solider.m */,
				65FC4E872073686D00D1988A /* HandGun.h */,
				65FC4E882073686D00D1988A /* HandGun.m */,
				65FC4E8A2073687500D1988A /* Rifle.h */,
				65FC4E8B2073687500D1988A /* Rifle.m */,
				65FC4E9020736DBB00D1988A /* AUG.h */,
				65FC4E9120736DBB00D1988A /* AUG.m */,
				65FC4E8D2073687D00D1988A /* MachineGun.h */,
				65FC4E8E2073687D00D1988A /* MachineGun.m */,
			);
			path = "里氏代换原则";
			sourceTree = "<group>";
		};
		65FC4E9320737D4C00D1988A /* 依赖倒置原则 */ = {
			isa = PBXGroup;
			children = (
				65FC4E9E20737E1000D1988A /* 场景二 */,
				65FC4E9720737D7300D1988A /* 场景一 */,
			);
			path = "依赖倒置原则";
			sourceTree = "<group>";
		};
		65FC4E9720737D7300D1988A /* 场景一 */ = {
			isa = PBXGroup;
			children = (
				65FC4E9820737D8F00D1988A /* XiaoMing.h */,
				65FC4E9920737D8F00D1988A /* XiaoMing.m */,
				65FC4E9B20737DA200D1988A /* LiteraryClassic.h */,
				65FC4E9C20737DA200D1988A /* LiteraryClassic.m */,
				65FC4E9F207381A100D1988A /* Novel.h */,
				65FC4EA0207381A100D1988A /* Novel.m */,
			);
			path = "场景一";
			sourceTree = "<group>";
		};
		65FC4E9E20737E1000D1988A /* 场景二 */ = {
			isa = PBXGroup;
			children = (
				65FC4EA22073864500D1988A /* XiaoMingNew.h */,
				65FC4EA32073864500D1988A /* XiaoMingNew.m */,
				65FC4EA52073865500D1988A /* IReader.h */,
				65FC4EA62073866000D1988A /* IRead.h */,
				65FC4EA72073867000D1988A /* LiteraryClassicNew.h */,
				65FC4EA82073867000D1988A /* LiteraryClassicNew.m */,
				65FC4EAA2073867F00D1988A /* NovelNew.h */,
				65FC4EAB2073867F00D1988A /* NovelNew.m */,
			);
			path = "场景二";
			sourceTree = "<group>";
		};
		65FC4EAD20746E3800D1988A /* 接口隔离原则 */ = {
			isa = PBXGroup;
			children = (
				65FC4EB6207477F500D1988A /* 场景变更 */,
				65FC4EAE20746E5600D1988A /* FindStarts.h */,
				65FC4EAF20746E5D00D1988A /* Starts.h */,
				65FC4EB020746E8D00D1988A /* Xiaoming.h */,
				65FC4EB120746E8D00D1988A /* Xiaoming.m */,
				65FC4EB320746E9A00D1988A /* XuJIaoStart.h */,
				65FC4EB420746E9A00D1988A /* XuJIaoStart.m */,
			);
			path = "接口隔离原则";
			sourceTree = "<group>";
		};
		65FC4EB6207477F500D1988A /* 场景变更 */ = {
			isa = PBXGroup;
			children = (
				65FC4EB72074781300D1988A /* FindNewStarts.h */,
				65FC4EB82074781D00D1988A /* StartsA.h */,
				65FC4EB92074782900D1988A /* StartsB.h */,
				65FC4EBA2074785C00D1988A /* XiaoHei.h */,
				65FC4EBB2074785C00D1988A /* XiaoHei.m */,
				65FC4EBD2074786900D1988A /* XuJiaoNewStart.h */,
				65FC4EBE2074786900D1988A /* XuJiaoNewStart.m */,
			);
			path = "场景变更";
			sourceTree = "<group>";
		};
		65FC4EC02074A4D600D1988A /* 单一职责原则 */ = {
			isa = PBXGroup;
			children = (
				65FC4ECA2074A79500D1988A /* override */,
				65FC4EC12074A4F000D1988A /* Forum.h */,
				65FC4EC22074A56400D1988A /* Thread.h */,
				65FC4EC32074A5A300D1988A /* ForumObject.h */,
				65FC4EC42074A5A300D1988A /* ForumObject.m */,
				65FC4EC72074A5F400D1988A /* ThreadObject.h */,
				65FC4EC82074A5F400D1988A /* ThreadObject.m */,
			);
			path = "单一职责原则";
			sourceTree = "<group>";
		};
		65FC4ECA2074A79500D1988A /* override */ = {
			isa = PBXGroup;
			children = (
				65FC4ECB2074A7BE00D1988A /* ForumNew.h */,
				65FC4ECD2074A7FE00D1988A /* ForumNewObject.h */,
				65FC4ECE2074A7FE00D1988A /* ForumNewObject.m */,
			);
			path = override;
			sourceTree = "<group>";
		};
		65FC4ED02074B8B100D1988A /* 迪米特法则 */ = {
			isa = PBXGroup;
			children = (
				65FC4ED42074BDE100D1988A /* override */,
				65FC4ED12074B8E000D1988A /* ButtonEventView.h */,
				65FC4ED22074B8E000D1988A /* ButtonEventView.m */,
			);
			path = "迪米特法则";
			sourceTree = "<group>";
		};
		65FC4ED42074BDE100D1988A /* override */ = {
			isa = PBXGroup;
			children = (
				65FC4ED52074BE0600D1988A /* ButtonEventNewView.h */,
				65FC4ED62074BE0600D1988A /* ButtonEventNewView.m */,
				65FC4ED82074BE2D00D1988A /* Mediater.h */,
				65FC4ED92074BE2D00D1988A /* Mediater.m */,
				65FC4EDB2074BEB900D1988A /* MediaterProtocol.h */,
			);
			path = override;
			sourceTree = "<group>";
		};
/* End PBXGroup section */

/* Begin PBXNativeTarget section */
		65FC4E382073248600D1988A /* 设计模式原则 */ = {
			isa = PBXNativeTarget;
			buildConfigurationList = 65FC4E652073248700D1988A /* Build configuration list for PBXNativeTarget "设计模式原则" */;
			buildPhases = (
				65FC4E352073248600D1988A /* Sources */,
				65FC4E362073248600D1988A /* Frameworks */,
				65FC4E372073248600D1988A /* Resources */,
			);
			buildRules = (
			);
			dependencies = (
			);
			name = "设计模式原则";
			productName = "设计模式原则";
			productReference = 65FC4E392073248600D1988A /* 设计模式原则.app */;
			productType = "com.apple.product-type.application";
		};
		65FC4E502073248700D1988A /* 设计模式原则Tests */ = {
			isa = PBXNativeTarget;
			buildConfigurationList = 65FC4E682073248700D1988A /* Build configuration list for PBXNativeTarget "设计模式原则Tests" */;
			buildPhases = (
				65FC4E4D2073248700D1988A /* Sources */,
				65FC4E4E2073248700D1988A /* Frameworks */,
				65FC4E4F2073248700D1988A /* Resources */,
			);
			buildRules = (
			);
			dependencies = (
				65FC4E532073248700D1988A /* PBXTargetDependency */,
			);
			name = "设计模式原则Tests";
			productName = "设计模式原则Tests";
			productReference = 65FC4E512073248700D1988A /* 设计模式原则Tests.xctest */;
			productType = "com.apple.product-type.bundle.unit-test";
		};
		65FC4E5B2073248700D1988A /* 设计模式原则UITests */ = {
			isa = PBXNativeTarget;
			buildConfigurationList = 65FC4E6B2073248700D1988A /* Build configuration list for PBXNativeTarget "设计模式原则UITests" */;
			buildPhases = (
				65FC4E582073248700D1988A /* Sources */,
				65FC4E592073248700D1988A /* Frameworks */,
				65FC4E5A2073248700D1988A /* Resources */,
			);
			buildRules = (
			);
			dependencies = (
				65FC4E5E2073248700D1988A /* PBXTargetDependency */,
			);
			name = "设计模式原则UITests";
			productName = "设计模式原则UITests";
			productReference = 65FC4E5C2073248700D1988A /* 设计模式原则UITests.xctest */;
			productType = "com.apple.product-type.bundle.ui-testing";
		};
/* End PBXNativeTarget section */

/* Begin PBXProject section */
		65FC4E312073248600D1988A /* Project object */ = {
			isa = PBXProject;
			attributes = {
				LastUpgradeCheck = 0920;
				ORGANIZATIONNAME = "温杰";
				TargetAttributes = {
					65FC4E382073248600D1988A = {
						CreatedOnToolsVersion = 9.2;
						ProvisioningStyle = Automatic;
					};
					65FC4E502073248700D1988A = {
						CreatedOnToolsVersion = 9.2;
						ProvisioningStyle = Automatic;
						TestTargetID = 65FC4E382073248600D1988A;
					};
					65FC4E5B2073248700D1988A = {
						CreatedOnToolsVersion = 9.2;
						ProvisioningStyle = Automatic;
						TestTargetID = 65FC4E382073248600D1988A;
					};
				};
			};
			buildConfigurationList = 65FC4E342073248600D1988A /* Build configuration list for PBXProject "设计模式原则" */;
			compatibilityVersion = "Xcode 8.0";
			developmentRegion = en;
			hasScannedForEncodings = 0;
			knownRegions = (
				en,
				Base,
			);
			mainGroup = 65FC4E302073248600D1988A;
			productRefGroup = 65FC4E3A2073248600D1988A /* Products */;
			projectDirPath = "";
			projectRoot = "";
			targets = (
				65FC4E382073248600D1988A /* 设计模式原则 */,
				65FC4E502073248700D1988A /* 设计模式原则Tests */,
				65FC4E5B2073248700D1988A /* 设计模式原则UITests */,
			);
		};
/* End PBXProject section */

/* Begin PBXResourcesBuildPhase section */
		65FC4E372073248600D1988A /* Resources */ = {
			isa = PBXResourcesBuildPhase;
			buildActionMask = 2147483647;
			files = (
				65FC4E492073248600D1988A /* LaunchScreen.storyboard in Resources */,
				65FC4E462073248600D1988A /* Assets.xcassets in Resources */,
				65FC4E442073248600D1988A /* Main.storyboard in Resources */,
			);
			runOnlyForDeploymentPostprocessing = 0;
		};
		65FC4E4F2073248700D1988A /* Resources */ = {
			isa = PBXResourcesBuildPhase;
			buildActionMask = 2147483647;
			files = (
			);
			runOnlyForDeploymentPostprocessing = 0;
		};
		65FC4E5A2073248700D1988A /* Resources */ = {
			isa = PBXResourcesBuildPhase;
			buildActionMask = 2147483647;
			files = (
			);
			runOnlyForDeploymentPostprocessing = 0;
		};
/* End PBXResourcesBuildPhase section */

/* Begin PBXSourcesBuildPhase section */
		65FC4E352073248600D1988A /* Sources */ = {
			isa = PBXSourcesBuildPhase;
			buildActionMask = 2147483647;
			files = (
				65FC4E412073248600D1988A /* ViewController.m in Sources */,
				65FC4ECF2074A7FE00D1988A /* ForumNewObject.m in Sources */,
				65FC4EBC2074785C00D1988A /* XiaoHei.m in Sources */,
				65FC4EA92073867000D1988A /* LiteraryClassicNew.m in Sources */,
				65FC4E7F207350A000D1988A /* BookObject.m in Sources */,
				65FC4ED32074B8E000D1988A /* ButtonEventView.m in Sources */,
				65FC4ED72074BE0600D1988A /* ButtonEventNewView.m in Sources */,
				65FC4EAC2073867F00D1988A /* NovelNew.m in Sources */,
				65FC4EDA2074BE2D00D1988A /* Mediater.m in Sources */,
				65FC4E9D20737DA200D1988A /* LiteraryClassic.m in Sources */,
				65FC4E892073686D00D1988A /* HandGun.m in Sources */,
				65FC4EBF2074786900D1988A /* XuJiaoNewStart.m in Sources */,
				65FC4E86207367DD00D1988A /* Solider.m in Sources */,
				65FC4E8C2073687500D1988A /* Rifle.m in Sources */,
				65FC4EB520746E9A00D1988A /* XuJIaoStart.m in Sources */,
				65FC4EA42073864500D1988A /* XiaoMingNew.m in Sources */,
				65FC4E9220736DBB00D1988A /* AUG.m in Sources */,
				65FC4E4C2073248600D1988A /* main.m in Sources */,
				65FC4EB220746E8D00D1988A /* Xiaoming.m in Sources */,
				65FC4EA1207381A100D1988A /* Novel.m in Sources */,
				65FC4EC92074A5F400D1988A /* ThreadObject.m in Sources */,
				65FC4E3E2073248600D1988A /* AppDelegate.m in Sources */,
				65FC4E9A20737D8F00D1988A /* XiaoMing.m in Sources */,
				65FC4E8F2073687D00D1988A /* MachineGun.m in Sources */,
				65FC4EC52074A5A300D1988A /* ForumObject.m in Sources */,
				65FC4E822073515B00D1988A /* BookDiscountObject.m in Sources */,
			);
			runOnlyForDeploymentPostprocessing = 0;
		};
		65FC4E4D2073248700D1988A /* Sources */ = {
			isa = PBXSourcesBuildPhase;
			buildActionMask = 2147483647;
			files = (
				65FC4E562073248700D1988A /* ______Tests.m in Sources */,
			);
			runOnlyForDeploymentPostprocessing = 0;
		};
		65FC4E582073248700D1988A /* Sources */ = {
			isa = PBXSourcesBuildPhase;
			buildActionMask = 2147483647;
			files = (
				65FC4E612073248700D1988A /* ______UITests.m in Sources */,
			);
			runOnlyForDeploymentPostprocessing = 0;
		};
/* End PBXSourcesBuildPhase section */

/* Begin PBXTargetDependency section */
		65FC4E532073248700D1988A /* PBXTargetDependency */ = {
			isa = PBXTargetDependency;
			target = 65FC4E382073248600D1988A /* 设计模式原则 */;
			targetProxy = 65FC4E522073248700D1988A /* PBXContainerItemProxy */;
		};
		65FC4E5E2073248700D1988A /* PBXTargetDependency */ = {
			isa = PBXTargetDependency;
			target = 65FC4E382073248600D1988A /* 设计模式原则 */;
			targetProxy = 65FC4E5D2073248700D1988A /* PBXContainerItemProxy */;
		};
/* End PBXTargetDependency section */

/* Begin PBXVariantGroup section */
		65FC4E422073248600D1988A /* Main.storyboard */ = {
			isa = PBXVariantGroup;
			children = (
				65FC4E432073248600D1988A /* Base */,
			);
			name = Main.storyboard;
			sourceTree = "<group>";
		};
		65FC4E472073248600D1988A /* LaunchScreen.storyboard */ = {
			isa = PBXVariantGroup;
			children = (
				65FC4E482073248600D1988A /* Base */,
			);
			name = LaunchScreen.storyboard;
			sourceTree = "<group>";
		};
/* End PBXVariantGroup section */

/* Begin XCBuildConfiguration section */
		65FC4E632073248700D1988A /* Debug */ = {
			isa = XCBuildConfiguration;
			buildSettings = {
				ALWAYS_SEARCH_USER_PATHS = NO;
				CLANG_ANALYZER_NONNULL = YES;
				CLANG_ANALYZER_NUMBER_OBJECT_CONVERSION = YES_AGGRESSIVE;
				CLANG_CXX_LANGUAGE_STANDARD = "gnu++14";
				CLANG_CXX_LIBRARY = "libc++";
				CLANG_ENABLE_MODULES = YES;
				CLANG_ENABLE_OBJC_ARC = YES;
				CLANG_WARN_BLOCK_CAPTURE_AUTORELEASING = YES;
				CLANG_WARN_BOOL_CONVERSION = YES;
				CLANG_WARN_COMMA = YES;
				CLANG_WARN_CONSTANT_CONVERSION = YES;
				CLANG_WARN_DIRECT_OBJC_ISA_USAGE = YES_ERROR;
				CLANG_WARN_DOCUMENTATION_COMMENTS = YES;
				CLANG_WARN_EMPTY_BODY = YES;
				CLANG_WARN_ENUM_CONVERSION = YES;
				CLANG_WARN_INFINITE_RECURSION = YES;
				CLANG_WARN_INT_CONVERSION = YES;
				CLANG_WARN_NON_LITERAL_NULL_CONVERSION = YES;
				CLANG_WARN_OBJC_LITERAL_CONVERSION = YES;
				CLANG_WARN_OBJC_ROOT_CLASS = YES_ERROR;
				CLANG_WARN_RANGE_LOOP_ANALYSIS = YES;
				CLANG_WARN_STRICT_PROTOTYPES = YES;
				CLANG_WARN_SUSPICIOUS_MOVE = YES;
				CLANG_WARN_UNGUARDED_AVAILABILITY = YES_AGGRESSIVE;
				CLANG_WARN_UNREACHABLE_CODE = YES;
				CLANG_WARN__DUPLICATE_METHOD_MATCH = YES;
				CODE_SIGN_IDENTITY = "iPhone Developer";
				COPY_PHASE_STRIP = NO;
				DEBUG_INFORMATION_FORMAT = dwarf;
				ENABLE_STRICT_OBJC_MSGSEND = YES;
				ENABLE_TESTABILITY = YES;
				GCC_C_LANGUAGE_STANDARD = gnu11;
				GCC_DYNAMIC_NO_PIC = NO;
				GCC_NO_COMMON_BLOCKS = YES;
				GCC_OPTIMIZATION_LEVEL = 0;
				GCC_PREPROCESSOR_DEFINITIONS = (
					"DEBUG=1",
					"$(inherited)",
				);
				GCC_WARN_64_TO_32_BIT_CONVERSION = YES;
				GCC_WARN_ABOUT_RETURN_TYPE = YES_ERROR;
				GCC_WARN_UNDECLARED_SELECTOR = YES;
				GCC_WARN_UNINITIALIZED_AUTOS = YES_AGGRESSIVE;
				GCC_WARN_UNUSED_FUNCTION = YES;
				GCC_WARN_UNUSED_VARIABLE = YES;
				IPHONEOS_DEPLOYMENT_TARGET = 11.2;
				MTL_ENABLE_DEBUG_INFO = YES;
				ONLY_ACTIVE_ARCH = YES;
				SDKROOT = iphoneos;
			};
			name = Debug;
		};
		65FC4E642073248700D1988A /* Release */ = {
			isa = XCBuildConfiguration;
			buildSettings = {
				ALWAYS_SEARCH_USER_PATHS = NO;
				CLANG_ANALYZER_NONNULL = YES;
				CLANG_ANALYZER_NUMBER_OBJECT_CONVERSION = YES_AGGRESSIVE;
				CLANG_CXX_LANGUAGE_STANDARD = "gnu++14";
				CLANG_CXX_LIBRARY = "libc++";
				CLANG_ENABLE_MODULES = YES;
				CLANG_ENABLE_OBJC_ARC = YES;
				CLANG_WARN_BLOCK_CAPTURE_AUTORELEASING = YES;
				CLANG_WARN_BOOL_CONVERSION = YES;
				CLANG_WARN_COMMA = YES;
				CLANG_WARN_CONSTANT_CONVERSION = YES;
				CLANG_WARN_DIRECT_OBJC_ISA_USAGE = YES_ERROR;
				CLANG_WARN_DOCUMENTATION_COMMENTS = YES;
				CLANG_WARN_EMPTY_BODY = YES;
				CLANG_WARN_ENUM_CONVERSION = YES;
				CLANG_WARN_INFINITE_RECURSION = YES;
				CLANG_WARN_INT_CONVERSION = YES;
				CLANG_WARN_NON_LITERAL_NULL_CONVERSION = YES;
				CLANG_WARN_OBJC_LITERAL_CONVERSION = YES;
				CLANG_WARN_OBJC_ROOT_CLASS = YES_ERROR;
				CLANG_WARN_RANGE_LOOP_ANALYSIS = YES;
				CLANG_WARN_STRICT_PROTOTYPES = YES;
				CLANG_WARN_SUSPICIOUS_MOVE = YES;
				CLANG_WARN_UNGUARDED_AVAILABILITY = YES_AGGRESSIVE;
				CLANG_WARN_UNREACHABLE_CODE = YES;
				CLANG_WARN__DUPLICATE_METHOD_MATCH = YES;
				CODE_SIGN_IDENTITY = "iPhone Developer";
				COPY_PHASE_STRIP = NO;
				DEBUG_INFORMATION_FORMAT = "dwarf-with-dsym";
				ENABLE_NS_ASSERTIONS = NO;
				ENABLE_STRICT_OBJC_MSGSEND = YES;
				GCC_C_LANGUAGE_STANDARD = gnu11;
				GCC_NO_COMMON_BLOCKS = YES;
				GCC_WARN_64_TO_32_BIT_CONVERSION = YES;
				GCC_WARN_ABOUT_RETURN_TYPE = YES_ERROR;
				GCC_WARN_UNDECLARED_SELECTOR = YES;
				GCC_WARN_UNINITIALIZED_AUTOS = YES_AGGRESSIVE;
				GCC_WARN_UNUSED_FUNCTION = YES;
				GCC_WARN_UNUSED_VARIABLE = YES;
				IPHONEOS_DEPLOYMENT_TARGET = 11.2;
				MTL_ENABLE_DEBUG_INFO = NO;
				SDKROOT = iphoneos;
				VALIDATE_PRODUCT = YES;
			};
			name = Release;
		};
		65FC4E662073248700D1988A /* Debug */ = {
			isa = XCBuildConfiguration;
			buildSettings = {
				ASSETCATALOG_COMPILER_APPICON_NAME = AppIcon;
				CODE_SIGN_STYLE = Automatic;
				DEVELOPMENT_TEAM = K7Q4CW468Q;
				INFOPLIST_FILE = "设计模式原则/Info.plist";
				LD_RUNPATH_SEARCH_PATHS = "$(inherited) @executable_path/Frameworks";
				PRODUCT_BUNDLE_IDENTIFIER = "ETCP.------";
				PRODUCT_NAME = "$(TARGET_NAME)";
				TARGETED_DEVICE_FAMILY = "1,2";
			};
			name = Debug;
		};
		65FC4E672073248700D1988A /* Release */ = {
			isa = XCBuildConfiguration;
			buildSettings = {
				ASSETCATALOG_COMPILER_APPICON_NAME = AppIcon;
				CODE_SIGN_STYLE = Automatic;
				DEVELOPMENT_TEAM = K7Q4CW468Q;
				INFOPLIST_FILE = "设计模式原则/Info.plist";
				LD_RUNPATH_SEARCH_PATHS = "$(inherited) @executable_path/Frameworks";
				PRODUCT_BUNDLE_IDENTIFIER = "ETCP.------";
				PRODUCT_NAME = "$(TARGET_NAME)";
				TARGETED_DEVICE_FAMILY = "1,2";
			};
			name = Release;
		};
		65FC4E692073248700D1988A /* Debug */ = {
			isa = XCBuildConfiguration;
			buildSettings = {
				BUNDLE_LOADER = "$(TEST_HOST)";
				CODE_SIGN_STYLE = Automatic;
				DEVELOPMENT_TEAM = K7Q4CW468Q;
				INFOPLIST_FILE = "设计模式原则Tests/Info.plist";
				LD_RUNPATH_SEARCH_PATHS = "$(inherited) @executable_path/Frameworks @loader_path/Frameworks";
				PRODUCT_BUNDLE_IDENTIFIER = "ETCP.------Tests";
				PRODUCT_NAME = "$(TARGET_NAME)";
				TARGETED_DEVICE_FAMILY = "1,2";
				TEST_HOST = "$(BUILT_PRODUCTS_DIR)/设计模式原则.app/设计模式原则";
			};
			name = Debug;
		};
		65FC4E6A2073248700D1988A /* Release */ = {
			isa = XCBuildConfiguration;
			buildSettings = {
				BUNDLE_LOADER = "$(TEST_HOST)";
				CODE_SIGN_STYLE = Automatic;
				DEVELOPMENT_TEAM = K7Q4CW468Q;
				INFOPLIST_FILE = "设计模式原则Tests/Info.plist";
				LD_RUNPATH_SEARCH_PATHS = "$(inherited) @executable_path/Frameworks @loader_path/Frameworks";
				PRODUCT_BUNDLE_IDENTIFIER = "ETCP.------Tests";
				PRODUCT_NAME = "$(TARGET_NAME)";
				TARGETED_DEVICE_FAMILY = "1,2";
				TEST_HOST = "$(BUILT_PRODUCTS_DIR)/设计模式原则.app/设计模式原则";
			};
			name = Release;
		};
		65FC4E6C2073248700D1988A /* Debug */ = {
			isa = XCBuildConfiguration;
			buildSettings = {
				CODE_SIGN_STYLE = Automatic;
				DEVELOPMENT_TEAM = K7Q4CW468Q;
				INFOPLIST_FILE = "设计模式原则UITests/Info.plist";
				LD_RUNPATH_SEARCH_PATHS = "$(inherited) @executable_path/Frameworks @loader_path/Frameworks";
				PRODUCT_BUNDLE_IDENTIFIER = "ETCP.------UITests";
				PRODUCT_NAME = "$(TARGET_NAME)";
				TARGETED_DEVICE_FAMILY = "1,2";
				TEST_TARGET_NAME = "设计模式原则";
			};
			name = Debug;
		};
		65FC4E6D2073248700D1988A /* Release */ = {
			isa = XCBuildConfiguration;
			buildSettings = {
				CODE_SIGN_STYLE = Automatic;
				DEVELOPMENT_TEAM = K7Q4CW468Q;
				INFOPLIST_FILE = "设计模式原则UITests/Info.plist";
				LD_RUNPATH_SEARCH_PATHS = "$(inherited) @executable_path/Frameworks @loader_path/Frameworks";
				PRODUCT_BUNDLE_IDENTIFIER = "ETCP.------UITests";
				PRODUCT_NAME = "$(TARGET_NAME)";
				TARGETED_DEVICE_FAMILY = "1,2";
				TEST_TARGET_NAME = "设计模式原则";
			};
			name = Release;
		};
/* End XCBuildConfiguration section */

/* Begin XCConfigurationList section */
		65FC4E342073248600D1988A /* Build configuration list for PBXProject "设计模式原则" */ = {
			isa = XCConfigurationList;
			buildConfigurations = (
				65FC4E632073248700D1988A /* Debug */,
				65FC4E642073248700D1988A /* Release */,
			);
			defaultConfigurationIsVisible = 0;
			defaultConfigurationName = Release;
		};
		65FC4E652073248700D1988A /* Build configuration list for PBXNativeTarget "设计模式原则" */ = {
			isa = XCConfigurationList;
			buildConfigurations = (
				65FC4E662073248700D1988A /* Debug */,
				65FC4E672073248700D1988A /* Release */,
			);
			defaultConfigurationIsVisible = 0;
			defaultConfigurationName = Release;
		};
		65FC4E682073248700D1988A /* Build configuration list for PBXNativeTarget "设计模式原则Tests" */ = {
			isa = XCConfigurationList;
			buildConfigurations = (
				65FC4E692073248700D1988A /* Debug */,
				65FC4E6A2073248700D1988A /* Release */,
			);
			defaultConfigurationIsVisible = 0;
			defaultConfigurationName = Release;
		};
		65FC4E6B2073248700D1988A /* Build configuration list for PBXNativeTarget "设计模式原则UITests" */ = {
			isa = XCConfigurationList;
			buildConfigurations = (
				65FC4E6C2073248700D1988A /* Debug */,
				65FC4E6D2073248700D1988A /* Release */,
			);
			defaultConfigurationIsVisible = 0;
			defaultConfigurationName = Release;
		};
/* End XCConfigurationList section */
	};
	rootObject = 65FC4E312073248600D1988A /* Project object */;
}
